// !$*UTF8*$!
{
	archiveVersion = 1;
	classes = {
	};
	objectVersion = 46;
	objects = {

/* Begin PBXBuildFile section */
		0C0B0B6B1C5E871300F49D93 /* LoginViewController.m in Sources */ = {isa = PBXBuildFile; fileRef = 0C0B0B6A1C5E871300F49D93 /* LoginViewController.m */; };
		0C0B0BA91C64109000F49D93 /* ProfileHeaderViewController.m in Sources */ = {isa = PBXBuildFile; fileRef = 0C0B0BA81C64109000F49D93 /* ProfileHeaderViewController.m */; };
		0C0B0BAF1C6410DC00F49D93 /* ProfileTableViewController.m in Sources */ = {isa = PBXBuildFile; fileRef = 0C0B0BAE1C6410DC00F49D93 /* ProfileTableViewController.m */; };
		0CE65A891C5620A3002C2A4D /* TweetTableViewCell.m in Sources */ = {isa = PBXBuildFile; fileRef = 0CE65A871C5620A3002C2A4D /* TweetTableViewCell.m */; };
		0CE65A8A1C5620A3002C2A4D /* TweetTableViewCell.xib in Resources */ = {isa = PBXBuildFile; fileRef = 0CE65A881C5620A3002C2A4D /* TweetTableViewCell.xib */; };
		0CE65A8E1C5620B8002C2A4D /* TweetWithImageTableViewCell.m in Sources */ = {isa = PBXBuildFile; fileRef = 0CE65A8C1C5620B8002C2A4D /* TweetWithImageTableViewCell.m */; };
		0CE65A8F1C5620B8002C2A4D /* TweetWithImageTableViewCell.xib in Resources */ = {isa = PBXBuildFile; fileRef = 0CE65A8D1C5620B8002C2A4D /* TweetWithImageTableViewCell.xib */; };
		0CE65A9B1C5816C1002C2A4D /* TableViewDataSourse.m in Sources */ = {isa = PBXBuildFile; fileRef = 0CE65A9A1C5816C1002C2A4D /* TableViewDataSourse.m */; };
		0CE65A9E1C58EBA7002C2A4D /* TimeLineTableViewController.m in Sources */ = {isa = PBXBuildFile; fileRef = 0CE65A9D1C58EBA7002C2A4D /* TimeLineTableViewController.m */; };
		0CE65AA31C591187002C2A4D /* User+CoreDataProperties.m in Sources */ = {isa = PBXBuildFile; fileRef = 0CE65AA01C591187002C2A4D /* User+CoreDataProperties.m */; };
		0CE65AA41C591187002C2A4D /* User.m in Sources */ = {isa = PBXBuildFile; fileRef = 0CE65AA21C591187002C2A4D /* User.m */; };
		0CE65AAC1C5B9B77002C2A4D /* Storyboard.storyboard in Resources */ = {isa = PBXBuildFile; fileRef = 0CE65AAB1C5B9B77002C2A4D /* Storyboard.storyboard */; };
		71623EE02F8D9397D7578E3D /* libPods-MegaApplicationTwitterCiklum.a in Frameworks */ = {isa = PBXBuildFile; fileRef = B17D6E25E294E8470D0C657C /* libPods-MegaApplicationTwitterCiklum.a */; };
		A8136FB81C7FC52E00C88E4D /* Consumer.m in Sources */ = {isa = PBXBuildFile; fileRef = A8136FB71C7FC52E00C88E4D /* Consumer.m */; };
		A8136FBC1C7FCACC00C88E4D /* TwitterEngine.m in Sources */ = {isa = PBXBuildFile; fileRef = A8136FBB1C7FCACC00C88E4D /* TwitterEngine.m */; };
		A8383C731C70A41200518443 /* Parser.m in Sources */ = {isa = PBXBuildFile; fileRef = A8383C721C70A41200518443 /* Parser.m */; };
		A83E74C31C5A23F600FEC448 /* UserProfileEditViewController.m in Sources */ = {isa = PBXBuildFile; fileRef = A83E74C21C5A23F600FEC448 /* UserProfileEditViewController.m */; };
		A83F39C71C523E2B009D6F07 /* main.m in Sources */ = {isa = PBXBuildFile; fileRef = A83F39C61C523E2B009D6F07 /* main.m */; };
		A83F39CA1C523E2B009D6F07 /* AppDelegate.m in Sources */ = {isa = PBXBuildFile; fileRef = A83F39C91C523E2B009D6F07 /* AppDelegate.m */; };
		A83F39CD1C523E2B009D6F07 /* ViewController.m in Sources */ = {isa = PBXBuildFile; fileRef = A83F39CC1C523E2B009D6F07 /* ViewController.m */; };
		A83F39D31C523E2B009D6F07 /* DataModel.xcdatamodeld in Sources */ = {isa = PBXBuildFile; fileRef = A83F39D11C523E2B009D6F07 /* DataModel.xcdatamodeld */; };
		A83F39D51C523E2B009D6F07 /* Assets.xcassets in Resources */ = {isa = PBXBuildFile; fileRef = A83F39D41C523E2B009D6F07 /* Assets.xcassets */; };
		A83F39D81C523E2B009D6F07 /* LaunchScreen.storyboard in Resources */ = {isa = PBXBuildFile; fileRef = A83F39D61C523E2B009D6F07 /* LaunchScreen.storyboard */; };
		A83F39E11C523E4D009D6F07 /* CoreDataStack.m in Sources */ = {isa = PBXBuildFile; fileRef = A83F39E01C523E4D009D6F07 /* CoreDataStack.m */; };
		A83F39E41C523EA8009D6F07 /* CoreDataInterface.m in Sources */ = {isa = PBXBuildFile; fileRef = A83F39E31C523EA8009D6F07 /* CoreDataInterface.m */; };
		A83F39F01C524451009D6F07 /* Tweet+CoreDataProperties.m in Sources */ = {isa = PBXBuildFile; fileRef = A83F39ED1C524451009D6F07 /* Tweet+CoreDataProperties.m */; };
		A83F39F11C524451009D6F07 /* Tweet.m in Sources */ = {isa = PBXBuildFile; fileRef = A83F39EF1C524451009D6F07 /* Tweet.m */; };
		A840E0D51C6F537C009BB0D2 /* StoreCoordinator.m in Sources */ = {isa = PBXBuildFile; fileRef = A840E0D41C6F537C009BB0D2 /* StoreCoordinator.m */; };
		A8F2B8B61C5269090031B5AE /* TwitterAPI.m in Sources */ = {isa = PBXBuildFile; fileRef = A8F2B8B51C5269090031B5AE /* TwitterAPI.m */; };
		A8F763541C7E6543002C05CE /* ComposerViewController.m in Sources */ = {isa = PBXBuildFile; fileRef = A8F763531C7E6543002C05CE /* ComposerViewController.m */; };
		A8F763571C7E6706002C05CE /* AlertViewController.m in Sources */ = {isa = PBXBuildFile; fileRef = A8F763561C7E6706002C05CE /* AlertViewController.m */; };
/* End PBXBuildFile section */

/* Begin PBXFileReference section */
		0C0B0B691C5E871300F49D93 /* LoginViewController.h */ = {isa = PBXFileReference; fileEncoding = 4; lastKnownFileType = sourcecode.c.h; path = LoginViewController.h; sourceTree = "<group>"; };
		0C0B0B6A1C5E871300F49D93 /* LoginViewController.m */ = {isa = PBXFileReference; fileEncoding = 4; lastKnownFileType = sourcecode.c.objc; path = LoginViewController.m; sourceTree = "<group>"; };
		0C0B0BA71C64109000F49D93 /* ProfileHeaderViewController.h */ = {isa = PBXFileReference; fileEncoding = 4; lastKnownFileType = sourcecode.c.h; path = ProfileHeaderViewController.h; sourceTree = "<group>"; };
		0C0B0BA81C64109000F49D93 /* ProfileHeaderViewController.m */ = {isa = PBXFileReference; fileEncoding = 4; lastKnownFileType = sourcecode.c.objc; path = ProfileHeaderViewController.m; sourceTree = "<group>"; };
		0C0B0BAD1C6410DC00F49D93 /* ProfileTableViewController.h */ = {isa = PBXFileReference; fileEncoding = 4; lastKnownFileType = sourcecode.c.h; path = ProfileTableViewController.h; sourceTree = "<group>"; };
		0C0B0BAE1C6410DC00F49D93 /* ProfileTableViewController.m */ = {isa = PBXFileReference; fileEncoding = 4; lastKnownFileType = sourcecode.c.objc; path = ProfileTableViewController.m; sourceTree = "<group>"; };
		0CE65A861C5620A3002C2A4D /* TweetTableViewCell.h */ = {isa = PBXFileReference; fileEncoding = 4; lastKnownFileType = sourcecode.c.h; path = TweetTableViewCell.h; sourceTree = "<group>"; };
		0CE65A871C5620A3002C2A4D /* TweetTableViewCell.m */ = {isa = PBXFileReference; fileEncoding = 4; lastKnownFileType = sourcecode.c.objc; path = TweetTableViewCell.m; sourceTree = "<group>"; };
		0CE65A881C5620A3002C2A4D /* TweetTableViewCell.xib */ = {isa = PBXFileReference; fileEncoding = 4; lastKnownFileType = file.xib; path = TweetTableViewCell.xib; sourceTree = "<group>"; };
		0CE65A8B1C5620B8002C2A4D /* TweetWithImageTableViewCell.h */ = {isa = PBXFileReference; fileEncoding = 4; lastKnownFileType = sourcecode.c.h; path = TweetWithImageTableViewCell.h; sourceTree = "<group>"; };
		0CE65A8C1C5620B8002C2A4D /* TweetWithImageTableViewCell.m */ = {isa = PBXFileReference; fileEncoding = 4; lastKnownFileType = sourcecode.c.objc; path = TweetWithImageTableViewCell.m; sourceTree = "<group>"; };
		0CE65A8D1C5620B8002C2A4D /* TweetWithImageTableViewCell.xib */ = {isa = PBXFileReference; fileEncoding = 4; lastKnownFileType = file.xib; path = TweetWithImageTableViewCell.xib; sourceTree = "<group>"; };
		0CE65A991C5816C1002C2A4D /* TableViewDataSourse.h */ = {isa = PBXFileReference; fileEncoding = 4; lastKnownFileType = sourcecode.c.h; path = TableViewDataSourse.h; sourceTree = "<group>"; };
		0CE65A9A1C5816C1002C2A4D /* TableViewDataSourse.m */ = {isa = PBXFileReference; fileEncoding = 4; lastKnownFileType = sourcecode.c.objc; path = TableViewDataSourse.m; sourceTree = "<group>"; };
		0CE65A9C1C58EBA7002C2A4D /* TimeLineTableViewController.h */ = {isa = PBXFileReference; fileEncoding = 4; lastKnownFileType = sourcecode.c.h; path = TimeLineTableViewController.h; sourceTree = "<group>"; };
		0CE65A9D1C58EBA7002C2A4D /* TimeLineTableViewController.m */ = {isa = PBXFileReference; fileEncoding = 4; lastKnownFileType = sourcecode.c.objc; path = TimeLineTableViewController.m; sourceTree = "<group>"; };
		0CE65A9F1C591187002C2A4D /* User+CoreDataProperties.h */ = {isa = PBXFileReference; fileEncoding = 4; lastKnownFileType = sourcecode.c.h; path = "User+CoreDataProperties.h"; sourceTree = "<group>"; };
		0CE65AA01C591187002C2A4D /* User+CoreDataProperties.m */ = {isa = PBXFileReference; fileEncoding = 4; lastKnownFileType = sourcecode.c.objc; path = "User+CoreDataProperties.m"; sourceTree = "<group>"; };
		0CE65AA11C591187002C2A4D /* User.h */ = {isa = PBXFileReference; fileEncoding = 4; lastKnownFileType = sourcecode.c.h; path = User.h; sourceTree = "<group>"; };
		0CE65AA21C591187002C2A4D /* User.m */ = {isa = PBXFileReference; fileEncoding = 4; lastKnownFileType = sourcecode.c.objc; path = User.m; sourceTree = "<group>"; };
		0CE65AAB1C5B9B77002C2A4D /* Storyboard.storyboard */ = {isa = PBXFileReference; fileEncoding = 4; lastKnownFileType = file.storyboard; path = Storyboard.storyboard; sourceTree = "<group>"; };
		2B8AE95C18049D26CBFCD8D7 /* Pods-MegaApplicationTwitterCiklum.release.xcconfig */ = {isa = PBXFileReference; includeInIndex = 1; lastKnownFileType = text.xcconfig; name = "Pods-MegaApplicationTwitterCiklum.release.xcconfig"; path = "Pods/Target Support Files/Pods-MegaApplicationTwitterCiklum/Pods-MegaApplicationTwitterCiklum.release.xcconfig"; sourceTree = "<group>"; };
		8FC775149EAC26BE8DA7E162 /* Pods-MegaApplicationTwitterCiklum.debug.xcconfig */ = {isa = PBXFileReference; includeInIndex = 1; lastKnownFileType = text.xcconfig; name = "Pods-MegaApplicationTwitterCiklum.debug.xcconfig"; path = "Pods/Target Support Files/Pods-MegaApplicationTwitterCiklum/Pods-MegaApplicationTwitterCiklum.debug.xcconfig"; sourceTree = "<group>"; };
		A8136FB61C7FC52E00C88E4D /* Consumer.h */ = {isa = PBXFileReference; fileEncoding = 4; lastKnownFileType = sourcecode.c.h; path = Consumer.h; sourceTree = "<group>"; };
		A8136FB71C7FC52E00C88E4D /* Consumer.m */ = {isa = PBXFileReference; fileEncoding = 4; lastKnownFileType = sourcecode.c.objc; path = Consumer.m; sourceTree = "<group>"; };
		A8136FBA1C7FCACC00C88E4D /* TwitterEngine.h */ = {isa = PBXFileReference; fileEncoding = 4; lastKnownFileType = sourcecode.c.h; path = TwitterEngine.h; sourceTree = "<group>"; };
		A8136FBB1C7FCACC00C88E4D /* TwitterEngine.m */ = {isa = PBXFileReference; fileEncoding = 4; lastKnownFileType = sourcecode.c.objc; path = TwitterEngine.m; sourceTree = "<group>"; };
		A8383C711C70A41200518443 /* Parser.h */ = {isa = PBXFileReference; fileEncoding = 4; lastKnownFileType = sourcecode.c.h; path = Parser.h; sourceTree = "<group>"; };
		A8383C721C70A41200518443 /* Parser.m */ = {isa = PBXFileReference; fileEncoding = 4; lastKnownFileType = sourcecode.c.objc; path = Parser.m; sourceTree = "<group>"; };
		A83E74C11C5A23F600FEC448 /* UserProfileEditViewController.h */ = {isa = PBXFileReference; fileEncoding = 4; lastKnownFileType = sourcecode.c.h; path = UserProfileEditViewController.h; sourceTree = "<group>"; };
		A83E74C21C5A23F600FEC448 /* UserProfileEditViewController.m */ = {isa = PBXFileReference; fileEncoding = 4; lastKnownFileType = sourcecode.c.objc; path = UserProfileEditViewController.m; sourceTree = "<group>"; };
		A83F39C21C523E2B009D6F07 /* MegaApplicationTwitterCiklum.app */ = {isa = PBXFileReference; explicitFileType = wrapper.application; includeInIndex = 0; path = MegaApplicationTwitterCiklum.app; sourceTree = BUILT_PRODUCTS_DIR; };
		A83F39C61C523E2B009D6F07 /* main.m */ = {isa = PBXFileReference; lastKnownFileType = sourcecode.c.objc; path = main.m; sourceTree = "<group>"; };
		A83F39C81C523E2B009D6F07 /* AppDelegate.h */ = {isa = PBXFileReference; lastKnownFileType = sourcecode.c.h; path = AppDelegate.h; sourceTree = "<group>"; };
		A83F39C91C523E2B009D6F07 /* AppDelegate.m */ = {isa = PBXFileReference; lastKnownFileType = sourcecode.c.objc; path = AppDelegate.m; sourceTree = "<group>"; };
		A83F39CB1C523E2B009D6F07 /* ViewController.h */ = {isa = PBXFileReference; lastKnownFileType = sourcecode.c.h; path = ViewController.h; sourceTree = "<group>"; };
		A83F39CC1C523E2B009D6F07 /* ViewController.m */ = {isa = PBXFileReference; lastKnownFileType = sourcecode.c.objc; path = ViewController.m; sourceTree = "<group>"; };
		A83F39D21C523E2B009D6F07 /* DataModel.xcdatamodel */ = {isa = PBXFileReference; lastKnownFileType = wrapper.xcdatamodel; path = DataModel.xcdatamodel; sourceTree = "<group>"; };
		A83F39D41C523E2B009D6F07 /* Assets.xcassets */ = {isa = PBXFileReference; lastKnownFileType = folder.assetcatalog; path = Assets.xcassets; sourceTree = "<group>"; };
		A83F39D71C523E2B009D6F07 /* Base */ = {isa = PBXFileReference; lastKnownFileType = file.storyboard; name = Base; path = Base.lproj/LaunchScreen.storyboard; sourceTree = "<group>"; };
		A83F39D91C523E2B009D6F07 /* Info.plist */ = {isa = PBXFileReference; lastKnownFileType = text.plist.xml; path = Info.plist; sourceTree = "<group>"; };
		A83F39DF1C523E4D009D6F07 /* CoreDataStack.h */ = {isa = PBXFileReference; fileEncoding = 4; lastKnownFileType = sourcecode.c.h; path = CoreDataStack.h; sourceTree = "<group>"; };
		A83F39E01C523E4D009D6F07 /* CoreDataStack.m */ = {isa = PBXFileReference; fileEncoding = 4; lastKnownFileType = sourcecode.c.objc; path = CoreDataStack.m; sourceTree = "<group>"; };
		A83F39E21C523EA8009D6F07 /* CoreDataInterface.h */ = {isa = PBXFileReference; fileEncoding = 4; lastKnownFileType = sourcecode.c.h; path = CoreDataInterface.h; sourceTree = "<group>"; };
		A83F39E31C523EA8009D6F07 /* CoreDataInterface.m */ = {isa = PBXFileReference; fileEncoding = 4; lastKnownFileType = sourcecode.c.objc; path = CoreDataInterface.m; sourceTree = "<group>"; };
		A83F39EC1C524451009D6F07 /* Tweet+CoreDataProperties.h */ = {isa = PBXFileReference; fileEncoding = 4; lastKnownFileType = sourcecode.c.h; path = "Tweet+CoreDataProperties.h"; sourceTree = "<group>"; };
		A83F39ED1C524451009D6F07 /* Tweet+CoreDataProperties.m */ = {isa = PBXFileReference; fileEncoding = 4; lastKnownFileType = sourcecode.c.objc; path = "Tweet+CoreDataProperties.m"; sourceTree = "<group>"; };
		A83F39EE1C524451009D6F07 /* Tweet.h */ = {isa = PBXFileReference; fileEncoding = 4; lastKnownFileType = sourcecode.c.h; path = Tweet.h; sourceTree = "<group>"; };
		A83F39EF1C524451009D6F07 /* Tweet.m */ = {isa = PBXFileReference; fileEncoding = 4; lastKnownFileType = sourcecode.c.objc; path = Tweet.m; sourceTree = "<group>"; };
		A840E0D31C6F537C009BB0D2 /* StoreCoordinator.h */ = {isa = PBXFileReference; fileEncoding = 4; lastKnownFileType = sourcecode.c.h; path = StoreCoordinator.h; sourceTree = "<group>"; };
		A840E0D41C6F537C009BB0D2 /* StoreCoordinator.m */ = {isa = PBXFileReference; fileEncoding = 4; lastKnownFileType = sourcecode.c.objc; path = StoreCoordinator.m; sourceTree = "<group>"; };
		A8F2B8B41C5269090031B5AE /* TwitterAPI.h */ = {isa = PBXFileReference; fileEncoding = 4; lastKnownFileType = sourcecode.c.h; path = TwitterAPI.h; sourceTree = "<group>"; };
		A8F2B8B51C5269090031B5AE /* TwitterAPI.m */ = {isa = PBXFileReference; fileEncoding = 4; lastKnownFileType = sourcecode.c.objc; path = TwitterAPI.m; sourceTree = "<group>"; };
		A8F763521C7E6543002C05CE /* ComposerViewController.h */ = {isa = PBXFileReference; fileEncoding = 4; lastKnownFileType = sourcecode.c.h; path = ComposerViewController.h; sourceTree = "<group>"; };
		A8F763531C7E6543002C05CE /* ComposerViewController.m */ = {isa = PBXFileReference; fileEncoding = 4; lastKnownFileType = sourcecode.c.objc; path = ComposerViewController.m; sourceTree = "<group>"; };
		A8F763551C7E6706002C05CE /* AlertViewController.h */ = {isa = PBXFileReference; fileEncoding = 4; lastKnownFileType = sourcecode.c.h; path = AlertViewController.h; sourceTree = "<group>"; };
		A8F763561C7E6706002C05CE /* AlertViewController.m */ = {isa = PBXFileReference; fileEncoding = 4; lastKnownFileType = sourcecode.c.objc; path = AlertViewController.m; sourceTree = "<group>"; };
		B17D6E25E294E8470D0C657C /* libPods-MegaApplicationTwitterCiklum.a */ = {isa = PBXFileReference; explicitFileType = archive.ar; includeInIndex = 0; path = "libPods-MegaApplicationTwitterCiklum.a"; sourceTree = BUILT_PRODUCTS_DIR; };
/* End PBXFileReference section */

/* Begin PBXFrameworksBuildPhase section */
		A83F39BF1C523E2B009D6F07 /* Frameworks */ = {
			isa = PBXFrameworksBuildPhase;
			buildActionMask = 2147483647;
			files = (
				71623EE02F8D9397D7578E3D /* libPods-MegaApplicationTwitterCiklum.a in Frameworks */,
			);
			runOnlyForDeploymentPostprocessing = 0;
		};
/* End PBXFrameworksBuildPhase section */

/* Begin PBXGroup section */
		0C0B0BA61C63B09100F49D93 /* ViewControllers */ = {
			isa = PBXGroup;
			children = (
				A8F763521C7E6543002C05CE /* ComposerViewController.h */,
				A8F763531C7E6543002C05CE /* ComposerViewController.m */,
				A8F763551C7E6706002C05CE /* AlertViewController.h */,
				A8F763561C7E6706002C05CE /* AlertViewController.m */,
				A83F39CB1C523E2B009D6F07 /* ViewController.h */,
				A83F39CC1C523E2B009D6F07 /* ViewController.m */,
				A83E74C11C5A23F600FEC448 /* UserProfileEditViewController.h */,
				A83E74C21C5A23F600FEC448 /* UserProfileEditViewController.m */,
				0CE65A9C1C58EBA7002C2A4D /* TimeLineTableViewController.h */,
				0CE65A9D1C58EBA7002C2A4D /* TimeLineTableViewController.m */,
				0C0B0B691C5E871300F49D93 /* LoginViewController.h */,
				0C0B0B6A1C5E871300F49D93 /* LoginViewController.m */,
				0C0B0BA71C64109000F49D93 /* ProfileHeaderViewController.h */,
				0C0B0BA81C64109000F49D93 /* ProfileHeaderViewController.m */,
				0C0B0BAD1C6410DC00F49D93 /* ProfileTableViewController.h */,
				0C0B0BAE1C6410DC00F49D93 /* ProfileTableViewController.m */,
			);
			name = ViewControllers;
			sourceTree = "<group>";
		};
		0CE65A851C56203D002C2A4D /* TableViewItems */ = {
			isa = PBXGroup;
			children = (
				0CE65A861C5620A3002C2A4D /* TweetTableViewCell.h */,
				0CE65A871C5620A3002C2A4D /* TweetTableViewCell.m */,
				0CE65A881C5620A3002C2A4D /* TweetTableViewCell.xib */,
				0CE65A8B1C5620B8002C2A4D /* TweetWithImageTableViewCell.h */,
				0CE65A8C1C5620B8002C2A4D /* TweetWithImageTableViewCell.m */,
				0CE65A8D1C5620B8002C2A4D /* TweetWithImageTableViewCell.xib */,
			);
			name = TableViewItems;
			sourceTree = "<group>";
		};
		7699DF51400B2D04EE13B98D /* Pods */ = {
			isa = PBXGroup;
			children = (
				8FC775149EAC26BE8DA7E162 /* Pods-MegaApplicationTwitterCiklum.debug.xcconfig */,
				2B8AE95C18049D26CBFCD8D7 /* Pods-MegaApplicationTwitterCiklum.release.xcconfig */,
			);
			name = Pods;
			sourceTree = "<group>";
		};
		A8136FB91C7FC53700C88E4D /* OAuth */ = {
			isa = PBXGroup;
			children = (
				A8136FB61C7FC52E00C88E4D /* Consumer.h */,
				A8136FB71C7FC52E00C88E4D /* Consumer.m */,
				A8136FBA1C7FCACC00C88E4D /* TwitterEngine.h */,
				A8136FBB1C7FCACC00C88E4D /* TwitterEngine.m */,
			);
			name = OAuth;
			sourceTree = "<group>";
		};
		A82AE9D11C689F9700968CCA /* New Group */ = {
			isa = PBXGroup;
			children = (
				A83F39C81C523E2B009D6F07 /* AppDelegate.h */,
				A83F39C91C523E2B009D6F07 /* AppDelegate.m */,
			);
			name = "New Group";
			sourceTree = "<group>";
		};
		A83F39B91C523E2B009D6F07 = {
			isa = PBXGroup;
			children = (
				A83F39C41C523E2B009D6F07 /* MegaApplicationTwitterCiklum */,
				A83F39C31C523E2B009D6F07 /* Products */,
				7699DF51400B2D04EE13B98D /* Pods */,
				E2AADDB293A5E759AC83D6E7 /* Frameworks */,
			);
			sourceTree = "<group>";
		};
		A83F39C31C523E2B009D6F07 /* Products */ = {
			isa = PBXGroup;
			children = (
				A83F39C21C523E2B009D6F07 /* MegaApplicationTwitterCiklum.app */,
			);
			name = Products;
			sourceTree = "<group>";
		};
		A83F39C41C523E2B009D6F07 /* MegaApplicationTwitterCiklum */ = {
			isa = PBXGroup;
			children = (
				A8136FB91C7FC53700C88E4D /* OAuth */,
				A8F2B8B31C5267200031B5AE /* Model */,
				A82AE9D11C689F9700968CCA /* New Group */,
				A8F2B8B41C5269090031B5AE /* TwitterAPI.h */,
				A8F2B8B51C5269090031B5AE /* TwitterAPI.m */,
				0CE65A991C5816C1002C2A4D /* TableViewDataSourse.h */,
				0CE65A9A1C5816C1002C2A4D /* TableViewDataSourse.m */,
				A840E0D31C6F537C009BB0D2 /* StoreCoordinator.h */,
				A840E0D41C6F537C009BB0D2 /* StoreCoordinator.m */,
				A8383C711C70A41200518443 /* Parser.h */,
				A8383C721C70A41200518443 /* Parser.m */,
				0CE65A851C56203D002C2A4D /* TableViewItems */,
				A83F39E51C523EB2009D6F07 /* CoreData */,
				0C0B0BA61C63B09100F49D93 /* ViewControllers */,
				0CE65AAB1C5B9B77002C2A4D /* Storyboard.storyboard */,
				A83F39D41C523E2B009D6F07 /* Assets.xcassets */,
				A83F39D61C523E2B009D6F07 /* LaunchScreen.storyboard */,
				A83F39D91C523E2B009D6F07 /* Info.plist */,
				A83F39C51C523E2B009D6F07 /* Supporting Files */,
			);
			path = MegaApplicationTwitterCiklum;
			sourceTree = "<group>";
		};
		A83F39C51C523E2B009D6F07 /* Supporting Files */ = {
			isa = PBXGroup;
			children = (
				A83F39C61C523E2B009D6F07 /* main.m */,
			);
			name = "Supporting Files";
			sourceTree = "<group>";
		};
		A83F39E51C523EB2009D6F07 /* CoreData */ = {
			isa = PBXGroup;
			children = (
				A83F39E21C523EA8009D6F07 /* CoreDataInterface.h */,
				A83F39E31C523EA8009D6F07 /* CoreDataInterface.m */,
				A83F39DF1C523E4D009D6F07 /* CoreDataStack.h */,
				A83F39E01C523E4D009D6F07 /* CoreDataStack.m */,
			);
			name = CoreData;
			sourceTree = "<group>";
		};
		A8F2B8B31C5267200031B5AE /* Model */ = {
			isa = PBXGroup;
			children = (
				A83F39D11C523E2B009D6F07 /* DataModel.xcdatamodeld */,
				0CE65A9F1C591187002C2A4D /* User+CoreDataProperties.h */,
				0CE65AA01C591187002C2A4D /* User+CoreDataProperties.m */,
				0CE65AA11C591187002C2A4D /* User.h */,
				0CE65AA21C591187002C2A4D /* User.m */,
				A83F39EC1C524451009D6F07 /* Tweet+CoreDataProperties.h */,
				A83F39ED1C524451009D6F07 /* Tweet+CoreDataProperties.m */,
				A83F39EE1C524451009D6F07 /* Tweet.h */,
				A83F39EF1C524451009D6F07 /* Tweet.m */,
			);
			name = Model;
			sourceTree = "<group>";
		};
		E2AADDB293A5E759AC83D6E7 /* Frameworks */ = {
			isa = PBXGroup;
			children = (
				B17D6E25E294E8470D0C657C /* libPods-MegaApplicationTwitterCiklum.a */,
			);
			name = Frameworks;
			sourceTree = "<group>";
		};
/* End PBXGroup section */

/* Begin PBXNativeTarget section */
		A83F39C11C523E2B009D6F07 /* MegaApplicationTwitterCiklum */ = {
			isa = PBXNativeTarget;
			buildConfigurationList = A83F39DC1C523E2B009D6F07 /* Build configuration list for PBXNativeTarget "MegaApplicationTwitterCiklum" */;
			buildPhases = (
				92DF6DAB72C43245B0D58684 /* Check Pods Manifest.lock */,
				A83F39BE1C523E2B009D6F07 /* Sources */,
				A83F39BF1C523E2B009D6F07 /* Frameworks */,
				A83F39C01C523E2B009D6F07 /* Resources */,
				D0B30002DFCC5DCAE52D459C /* Embed Pods Frameworks */,
				70FF4D41F9DDD52CEA6E4760 /* Copy Pods Resources */,
				A851DCBA1C539A3C00D2D1AB /* ShellScript */,
			);
			buildRules = (
			);
			dependencies = (
			);
			name = MegaApplicationTwitterCiklum;
			productName = MegaApplicationTwitterCiklum;
			productReference = A83F39C21C523E2B009D6F07 /* MegaApplicationTwitterCiklum.app */;
			productType = "com.apple.product-type.application";
		};
/* End PBXNativeTarget section */

/* Begin PBXProject section */
		A83F39BA1C523E2B009D6F07 /* Project object */ = {
			isa = PBXProject;
			attributes = {
				LastUpgradeCheck = 0720;
				ORGANIZATIONNAME = "Alexandr Lobanov";
				TargetAttributes = {
					A83F39C11C523E2B009D6F07 = {
						CreatedOnToolsVersion = 7.2;
						DevelopmentTeam = PG7L77DKWJ;
					};
				};
			};
			buildConfigurationList = A83F39BD1C523E2B009D6F07 /* Build configuration list for PBXProject "MegaApplicationTwitterCiklum" */;
			compatibilityVersion = "Xcode 3.2";
			developmentRegion = English;
			hasScannedForEncodings = 0;
			knownRegions = (
				en,
				Base,
			);
			mainGroup = A83F39B91C523E2B009D6F07;
			productRefGroup = A83F39C31C523E2B009D6F07 /* Products */;
			projectDirPath = "";
			projectRoot = "";
			targets = (
				A83F39C11C523E2B009D6F07 /* MegaApplicationTwitterCiklum */,
			);
		};
/* End PBXProject section */

/* Begin PBXResourcesBuildPhase section */
		A83F39C01C523E2B009D6F07 /* Resources */ = {
			isa = PBXResourcesBuildPhase;
			buildActionMask = 2147483647;
			files = (
				A83F39D81C523E2B009D6F07 /* LaunchScreen.storyboard in Resources */,
				0CE65A8F1C5620B8002C2A4D /* TweetWithImageTableViewCell.xib in Resources */,
				A83F39D51C523E2B009D6F07 /* Assets.xcassets in Resources */,
				0CE65A8A1C5620A3002C2A4D /* TweetTableViewCell.xib in Resources */,
				0CE65AAC1C5B9B77002C2A4D /* Storyboard.storyboard in Resources */,
			);
			runOnlyForDeploymentPostprocessing = 0;
		};
/* End PBXResourcesBuildPhase section */

/* Begin PBXShellScriptBuildPhase section */
		70FF4D41F9DDD52CEA6E4760 /* Copy Pods Resources */ = {
			isa = PBXShellScriptBuildPhase;
			buildActionMask = 2147483647;
			files = (
			);
			inputPaths = (
			);
			name = "Copy Pods Resources";
			outputPaths = (
			);
			runOnlyForDeploymentPostprocessing = 0;
			shellPath = /bin/sh;
			shellScript = "\"${SRCROOT}/Pods/Target Support Files/Pods-MegaApplicationTwitterCiklum/Pods-MegaApplicationTwitterCiklum-resources.sh\"\n";
			showEnvVarsInLog = 0;
		};
		92DF6DAB72C43245B0D58684 /* Check Pods Manifest.lock */ = {
			isa = PBXShellScriptBuildPhase;
			buildActionMask = 2147483647;
			files = (
			);
			inputPaths = (
			);
			name = "Check Pods Manifest.lock";
			outputPaths = (
			);
			runOnlyForDeploymentPostprocessing = 0;
			shellPath = /bin/sh;
			shellScript = "diff \"${PODS_ROOT}/../Podfile.lock\" \"${PODS_ROOT}/Manifest.lock\" > /dev/null\nif [[ $? != 0 ]] ; then\n    cat << EOM\nerror: The sandbox is not in sync with the Podfile.lock. Run 'pod install' or update your CocoaPods installation.\nEOM\n    exit 1\nfi\n";
			showEnvVarsInLog = 0;
		};
		A851DCBA1C539A3C00D2D1AB /* ShellScript */ = {
			isa = PBXShellScriptBuildPhase;
			buildActionMask = 12;
			files = (
			);
			inputPaths = (
			);
			outputPaths = (
			);
			runOnlyForDeploymentPostprocessing = 0;
			shellPath = /bin/sh;
			shellScript = "\"${PODS_ROOT}/Fabric/run\" 6a99cf49b002079464fc038daca30b8585afa5ab 15e8f9322a3c301f24529bce033f808c47c8f5011b668697721bb5dace9d3baa";
			showEnvVarsInLog = 0;
		};
		D0B30002DFCC5DCAE52D459C /* Embed Pods Frameworks */ = {
			isa = PBXShellScriptBuildPhase;
			buildActionMask = 2147483647;
			files = (
			);
			inputPaths = (
			);
			name = "Embed Pods Frameworks";
			outputPaths = (
			);
			runOnlyForDeploymentPostprocessing = 0;
			shellPath = /bin/sh;
			shellScript = "\"${SRCROOT}/Pods/Target Support Files/Pods-MegaApplicationTwitterCiklum/Pods-MegaApplicationTwitterCiklum-frameworks.sh\"\n";
			showEnvVarsInLog = 0;
		};
/* End PBXShellScriptBuildPhase section */

/* Begin PBXSourcesBuildPhase section */
		A83F39BE1C523E2B009D6F07 /* Sources */ = {
			isa = PBXSourcesBuildPhase;
			buildActionMask = 2147483647;
			files = (
				A83F39E11C523E4D009D6F07 /* CoreDataStack.m in Sources */,
				A8F2B8B61C5269090031B5AE /* TwitterAPI.m in Sources */,
				A8F763541C7E6543002C05CE /* ComposerViewController.m in Sources */,
				A83F39CD1C523E2B009D6F07 /* ViewController.m in Sources */,
				0CE65A8E1C5620B8002C2A4D /* TweetWithImageTableViewCell.m in Sources */,
				0C0B0B6B1C5E871300F49D93 /* LoginViewController.m in Sources */,
				0C0B0BAF1C6410DC00F49D93 /* ProfileTableViewController.m in Sources */,
				0CE65AA41C591187002C2A4D /* User.m in Sources */,
				0CE65A9B1C5816C1002C2A4D /* TableViewDataSourse.m in Sources */,
				A83F39CA1C523E2B009D6F07 /* AppDelegate.m in Sources */,
				A83F39F11C524451009D6F07 /* Tweet.m in Sources */,
				A83E74C31C5A23F600FEC448 /* UserProfileEditViewController.m in Sources */,
				A8136FB81C7FC52E00C88E4D /* Consumer.m in Sources */,
				A83F39F01C524451009D6F07 /* Tweet+CoreDataProperties.m in Sources */,
				A83F39C71C523E2B009D6F07 /* main.m in Sources */,
				A83F39E41C523EA8009D6F07 /* CoreDataInterface.m in Sources */,
				0CE65A9E1C58EBA7002C2A4D /* TimeLineTableViewController.m in Sources */,
				A83F39D31C523E2B009D6F07 /* DataModel.xcdatamodeld in Sources */,
				0C0B0BA91C64109000F49D93 /* ProfileHeaderViewController.m in Sources */,
				0CE65A891C5620A3002C2A4D /* TweetTableViewCell.m in Sources */,
				A8136FBC1C7FCACC00C88E4D /* TwitterEngine.m in Sources */,
				A840E0D51C6F537C009BB0D2 /* StoreCoordinator.m in Sources */,
				A8383C731C70A41200518443 /* Parser.m in Sources */,
				0CE65AA31C591187002C2A4D /* User+CoreDataProperties.m in Sources */,
				A8F763571C7E6706002C05CE /* AlertViewController.m in Sources */,
			);
			runOnlyForDeploymentPostprocessing = 0;
		};
/* End PBXSourcesBuildPhase section */

/* Begin PBXVariantGroup section */
		A83F39D61C523E2B009D6F07 /* LaunchScreen.storyboard */ = {
			isa = PBXVariantGroup;
			children = (
				A83F39D71C523E2B009D6F07 /* Base */,
			);
			name = LaunchScreen.storyboard;
			sourceTree = "<group>";
		};
/* End PBXVariantGroup section */

/* Begin XCBuildConfiguration section */
		A83F39DA1C523E2B009D6F07 /* Debug */ = {
			isa = XCBuildConfiguration;
			buildSettings = {
				ALWAYS_SEARCH_USER_PATHS = NO;
				CLANG_CXX_LANGUAGE_STANDARD = "gnu++0x";
				CLANG_CXX_LIBRARY = "libc++";
				CLANG_ENABLE_MODULES = YES;
				CLANG_ENABLE_OBJC_ARC = YES;
				CLANG_WARN_BOOL_CONVERSION = YES;
				CLANG_WARN_CONSTANT_CONVERSION = YES;
				CLANG_WARN_DIRECT_OBJC_ISA_USAGE = YES_ERROR;
				CLANG_WARN_EMPTY_BODY = YES;
				CLANG_WARN_ENUM_CONVERSION = YES;
				CLANG_WARN_INT_CONVERSION = YES;
				CLANG_WARN_OBJC_ROOT_CLASS = YES_ERROR;
				CLANG_WARN_UNREACHABLE_CODE = YES;
				CLANG_WARN__DUPLICATE_METHOD_MATCH = YES;
				"CODE_SIGN_IDENTITY[sdk=iphoneos*]" = "iPhone Developer";
				COPY_PHASE_STRIP = NO;
				DEBUG_INFORMATION_FORMAT = "dwarf-with-dsym";
				ENABLE_STRICT_OBJC_MSGSEND = YES;
				ENABLE_TESTABILITY = YES;
				GCC_C_LANGUAGE_STANDARD = gnu99;
				GCC_DYNAMIC_NO_PIC = NO;
				GCC_NO_COMMON_BLOCKS = YES;
				GCC_OPTIMIZATION_LEVEL = 0;
				GCC_PREPROCESSOR_DEFINITIONS = (
					"DEBUG=1",
					"$(inherited)",
				);
				GCC_WARN_64_TO_32_BIT_CONVERSION = YES;
				GCC_WARN_ABOUT_RETURN_TYPE = YES_ERROR;
				GCC_WARN_UNDECLARED_SELECTOR = YES;
				GCC_WARN_UNINITIALIZED_AUTOS = YES_AGGRESSIVE;
				GCC_WARN_UNUSED_FUNCTION = YES;
				GCC_WARN_UNUSED_VARIABLE = YES;
				IPHONEOS_DEPLOYMENT_TARGET = 9.2;
				MTL_ENABLE_DEBUG_INFO = YES;
				ONLY_ACTIVE_ARCH = YES;
				SDKROOT = iphoneos;
				TARGETED_DEVICE_FAMILY = "1,2";
			};
			name = Debug;
		};
		A83F39DB1C523E2B009D6F07 /* Release */ = {
			isa = XCBuildConfiguration;
			buildSettings = {
				ALWAYS_SEARCH_USER_PATHS = NO;
				CLANG_CXX_LANGUAGE_STANDARD = "gnu++0x";
				CLANG_CXX_LIBRARY = "libc++";
				CLANG_ENABLE_MODULES = YES;
				CLANG_ENABLE_OBJC_ARC = YES;
				CLANG_WARN_BOOL_CONVERSION = YES;
				CLANG_WARN_CONSTANT_CONVERSION = YES;
				CLANG_WARN_DIRECT_OBJC_ISA_USAGE = YES_ERROR;
				CLANG_WARN_EMPTY_BODY = YES;
				CLANG_WARN_ENUM_CONVERSION = YES;
				CLANG_WARN_INT_CONVERSION = YES;
				CLANG_WARN_OBJC_ROOT_CLASS = YES_ERROR;
				CLANG_WARN_UNREACHABLE_CODE = YES;
				CLANG_WARN__DUPLICATE_METHOD_MATCH = YES;
				"CODE_SIGN_IDENTITY[sdk=iphoneos*]" = "iPhone Developer";
				COPY_PHASE_STRIP = NO;
				DEBUG_INFORMATION_FORMAT = "dwarf-with-dsym";
				ENABLE_NS_ASSERTIONS = NO;
				ENABLE_STRICT_OBJC_MSGSEND = YES;
				GCC_C_LANGUAGE_STANDARD = gnu99;
				GCC_NO_COMMON_BLOCKS = YES;
				GCC_WARN_64_TO_32_BIT_CONVERSION = YES;
				GCC_WARN_ABOUT_RETURN_TYPE = YES_ERROR;
				GCC_WARN_UNDECLARED_SELECTOR = YES;
				GCC_WARN_UNINITIALIZED_AUTOS = YES_AGGRESSIVE;
				GCC_WARN_UNUSED_FUNCTION = YES;
				GCC_WARN_UNUSED_VARIABLE = YES;
				IPHONEOS_DEPLOYMENT_TARGET = 9.2;
				MTL_ENABLE_DEBUG_INFO = NO;
				SDKROOT = iphoneos;
				TARGETED_DEVICE_FAMILY = "1,2";
				VALIDATE_PRODUCT = YES;
			};
			name = Release;
		};
		A83F39DD1C523E2B009D6F07 /* Debug */ = {
			isa = XCBuildConfiguration;
			baseConfigurationReference = 8FC775149EAC26BE8DA7E162 /* Pods-MegaApplicationTwitterCiklum.debug.xcconfig */;
			buildSettings = {
				ASSETCATALOG_COMPILER_APPICON_NAME = AppIcon;
				CODE_SIGN_IDENTITY = "iPhone Developer";
				"CODE_SIGN_IDENTITY[sdk=iphoneos*]" = "iPhone Developer";
				INFOPLIST_FILE = MegaApplicationTwitterCiklum/Info.plist;
				LD_RUNPATH_SEARCH_PATHS = "$(inherited) @executable_path/Frameworks";
				PRODUCT_BUNDLE_IDENTIFIER = MegaApplicationTwitterCiklum;
				PRODUCT_NAME = "$(TARGET_NAME)";
				PROVISIONING_PROFILE = "";
			};
			name = Debug;
		};
		A83F39DE1C523E2B009D6F07 /* Release */ = {
			isa = XCBuildConfiguration;
			baseConfigurationReference = 2B8AE95C18049D26CBFCD8D7 /* Pods-MegaApplicationTwitterCiklum.release.xcconfig */;
			buildSettings = {
				ASSETCATALOG_COMPILER_APPICON_NAME = AppIcon;
				CODE_SIGN_IDENTITY = "iPhone Developer";
				"CODE_SIGN_IDENTITY[sdk=iphoneos*]" = "iPhone Developer";
				INFOPLIST_FILE = MegaApplicationTwitterCiklum/Info.plist;
				LD_RUNPATH_SEARCH_PATHS = "$(inherited) @executable_path/Frameworks";
				PRODUCT_BUNDLE_IDENTIFIER = MegaApplicationTwitterCiklum;
				PRODUCT_NAME = "$(TARGET_NAME)";
				PROVISIONING_PROFILE = "";
			};
			name = Release;
		};
/* End XCBuildConfiguration section */

/* Begin XCConfigurationList section */
		A83F39BD1C523E2B009D6F07 /* Build configuration list for PBXProject "MegaApplicationTwitterCiklum" */ = {
			isa = XCConfigurationList;
			buildConfigurations = (
				A83F39DA1C523E2B009D6F07 /* Debug */,
				A83F39DB1C523E2B009D6F07 /* Release */,
			);
			defaultConfigurationIsVisible = 0;
			defaultConfigurationName = Release;
		};
		A83F39DC1C523E2B009D6F07 /* Build configuration list for PBXNativeTarget "MegaApplicationTwitterCiklum" */ = {
			isa = XCConfigurationList;
			buildConfigurations = (
				A83F39DD1C523E2B009D6F07 /* Debug */,
				A83F39DE1C523E2B009D6F07 /* Release */,
			);
			defaultConfigurationIsVisible = 0;
			defaultConfigurationName = Release;
		};
/* End XCConfigurationList section */

/* Begin XCVersionGroup section */
		A83F39D11C523E2B009D6F07 /* DataModel.xcdatamodeld */ = {
			isa = XCVersionGroup;
			children = (
				A83F39D21C523E2B009D6F07 /* DataModel.xcdatamodel */,
			);
			currentVersion = A83F39D21C523E2B009D6F07 /* DataModel.xcdatamodel */;
			path = DataModel.xcdatamodeld;
			sourceTree = "<group>";
			versionGroupType = wrapper.xcdatamodel;
		};
/* End XCVersionGroup section */
	};
	rootObject = A83F39BA1C523E2B009D6F07 /* Project object */;
}
